// !$*UTF8*$!
{
	archiveVersion = 1;
	classes = {
	};
	objectVersion = 50;
	objects = {

/* Begin PBXBuildFile section */
		F623339E218F8B7E00647BAA /* main.swift in Sources */ = {isa = PBXBuildFile; fileRef = F623339D218F8B7E00647BAA /* main.swift */; };
		F62333AB218F8BA800647BAA /* WorldTest.swift in Sources */ = {isa = PBXBuildFile; fileRef = F62333AA218F8BA800647BAA /* WorldTest.swift */; };
		F6321F5B219F4BC1008C6F28 /* WorldStorage.swift in Sources */ = {isa = PBXBuildFile; fileRef = F6321F5A219F4BC1008C6F28 /* WorldStorage.swift */; };
		F6321F5C219F4BC1008C6F28 /* WorldStorage.swift in Sources */ = {isa = PBXBuildFile; fileRef = F6321F5A219F4BC1008C6F28 /* WorldStorage.swift */; };
		F6321F5E219F4BE1008C6F28 /* WorldStorageTest.swift in Sources */ = {isa = PBXBuildFile; fileRef = F6321F5D219F4BE1008C6F28 /* WorldStorageTest.swift */; };
		F697F4B821920562006BC1FA /* World.swift in Sources */ = {isa = PBXBuildFile; fileRef = F6FFFAAE2190DB2300CE9CE7 /* World.swift */; };
		F697F4BC21920AB0006BC1FA /* City.swift in Sources */ = {isa = PBXBuildFile; fileRef = F697F4BB21920AB0006BC1FA /* City.swift */; };
		F697F4BE219210D1006BC1FA /* City.swift in Sources */ = {isa = PBXBuildFile; fileRef = F697F4BB21920AB0006BC1FA /* City.swift */; };
		F697F4C02192B424006BC1FA /* Chain.swift in Sources */ = {isa = PBXBuildFile; fileRef = F697F4BF2192B424006BC1FA /* Chain.swift */; };
		F697F4C12192B424006BC1FA /* Chain.swift in Sources */ = {isa = PBXBuildFile; fileRef = F697F4BF2192B424006BC1FA /* Chain.swift */; };
		F697F4C32192B450006BC1FA /* ChainTest.swift in Sources */ = {isa = PBXBuildFile; fileRef = F697F4C22192B450006BC1FA /* ChainTest.swift */; };
		F697F4C52193608D006BC1FA /* StitchInspector.swift in Sources */ = {isa = PBXBuildFile; fileRef = F697F4C42193608D006BC1FA /* StitchInspector.swift */; };
		F697F4C62193608D006BC1FA /* StitchInspector.swift in Sources */ = {isa = PBXBuildFile; fileRef = F697F4C42193608D006BC1FA /* StitchInspector.swift */; };
		F697F4C8219360AC006BC1FA /* StitchInspectorTest.swift in Sources */ = {isa = PBXBuildFile; fileRef = F697F4C7219360AC006BC1FA /* StitchInspectorTest.swift */; };
		F697F4CA2195FA9E006BC1FA /* Intellect.swift in Sources */ = {isa = PBXBuildFile; fileRef = F697F4C92195FA9E006BC1FA /* Intellect.swift */; };
		F697F4CB2195FA9E006BC1FA /* Intellect.swift in Sources */ = {isa = PBXBuildFile; fileRef = F697F4C92195FA9E006BC1FA /* Intellect.swift */; };
		F697F4CD2195FB0A006BC1FA /* IntellectTest.swift in Sources */ = {isa = PBXBuildFile; fileRef = F697F4CC2195FB0A006BC1FA /* IntellectTest.swift */; };
		F6D0D74D21A16F890063FD52 /* Game.swift in Sources */ = {isa = PBXBuildFile; fileRef = F6D0D74C21A16F890063FD52 /* Game.swift */; };
		F6D0D74E21A16F890063FD52 /* Game.swift in Sources */ = {isa = PBXBuildFile; fileRef = F6D0D74C21A16F890063FD52 /* Game.swift */; };
		F6D0D75021A16FAA0063FD52 /* GameTest.swift in Sources */ = {isa = PBXBuildFile; fileRef = F6D0D74F21A16FAA0063FD52 /* GameTest.swift */; };
		F6D0D75221A1BC0D0063FD52 /* IntellectProtocol.swift in Sources */ = {isa = PBXBuildFile; fileRef = F6D0D75121A1BC0D0063FD52 /* IntellectProtocol.swift */; };
		F6D0D75321A1BC0D0063FD52 /* IntellectProtocol.swift in Sources */ = {isa = PBXBuildFile; fileRef = F6D0D75121A1BC0D0063FD52 /* IntellectProtocol.swift */; };
		F6D0D75521A1BCD10063FD52 /* FakeIntellect.swift in Sources */ = {isa = PBXBuildFile; fileRef = F6D0D75421A1BCD10063FD52 /* FakeIntellect.swift */; };
		F6D0D75721A1C7CC0063FD52 /* ChainProtocol.swift in Sources */ = {isa = PBXBuildFile; fileRef = F6D0D75621A1C7CC0063FD52 /* ChainProtocol.swift */; };
		F6D0D75821A1C7CC0063FD52 /* ChainProtocol.swift in Sources */ = {isa = PBXBuildFile; fileRef = F6D0D75621A1C7CC0063FD52 /* ChainProtocol.swift */; };
		F6D0D75A21A1C8660063FD52 /* FakeChain.swift in Sources */ = {isa = PBXBuildFile; fileRef = F6D0D75921A1C8660063FD52 /* FakeChain.swift */; };
		F6D0D75C21A1F37C0063FD52 /* WorldProtocol.swift in Sources */ = {isa = PBXBuildFile; fileRef = F6D0D75B21A1F37C0063FD52 /* WorldProtocol.swift */; };
		F6D0D75D21A1F37C0063FD52 /* WorldProtocol.swift in Sources */ = {isa = PBXBuildFile; fileRef = F6D0D75B21A1F37C0063FD52 /* WorldProtocol.swift */; };
		F6D0D75F21A1F3BC0063FD52 /* FakeWorld.swift in Sources */ = {isa = PBXBuildFile; fileRef = F6D0D75E21A1F3BC0063FD52 /* FakeWorld.swift */; };
		F6FFFAAF2190DB2300CE9CE7 /* World.swift in Sources */ = {isa = PBXBuildFile; fileRef = F6FFFAAE2190DB2300CE9CE7 /* World.swift */; };
/* End PBXBuildFile section */

/* Begin PBXCopyFilesBuildPhase section */
		F6233398218F8B7E00647BAA /* CopyFiles */ = {
			isa = PBXCopyFilesBuildPhase;
			buildActionMask = 2147483647;
			dstPath = /usr/share/man/man1/;
			dstSubfolderSpec = 0;
			files = (
			);
			runOnlyForDeploymentPostprocessing = 1;
		};
/* End PBXCopyFilesBuildPhase section */

/* Begin PBXFileReference section */
		F623339A218F8B7E00647BAA /* CityBoom */ = {isa = PBXFileReference; explicitFileType = "compiled.mach-o.executable"; includeInIndex = 0; path = CityBoom; sourceTree = BUILT_PRODUCTS_DIR; };
		F623339D218F8B7E00647BAA /* main.swift */ = {isa = PBXFileReference; lastKnownFileType = sourcecode.swift; path = main.swift; sourceTree = "<group>"; };
		F62333A8218F8BA800647BAA /* CityBoomTest.xctest */ = {isa = PBXFileReference; explicitFileType = wrapper.cfbundle; includeInIndex = 0; path = CityBoomTest.xctest; sourceTree = BUILT_PRODUCTS_DIR; };
		F62333AA218F8BA800647BAA /* WorldTest.swift */ = {isa = PBXFileReference; lastKnownFileType = sourcecode.swift; path = WorldTest.swift; sourceTree = "<group>"; };
		F62333AC218F8BA800647BAA /* Info.plist */ = {isa = PBXFileReference; lastKnownFileType = text.plist.xml; path = Info.plist; sourceTree = "<group>"; };
		F6321F5A219F4BC1008C6F28 /* WorldStorage.swift */ = {isa = PBXFileReference; lastKnownFileType = sourcecode.swift; path = WorldStorage.swift; sourceTree = "<group>"; };
		F6321F5D219F4BE1008C6F28 /* WorldStorageTest.swift */ = {isa = PBXFileReference; lastKnownFileType = sourcecode.swift; path = WorldStorageTest.swift; sourceTree = "<group>"; };
		F697F4BB21920AB0006BC1FA /* City.swift */ = {isa = PBXFileReference; lastKnownFileType = sourcecode.swift; path = City.swift; sourceTree = "<group>"; };
		F697F4BF2192B424006BC1FA /* Chain.swift */ = {isa = PBXFileReference; lastKnownFileType = sourcecode.swift; path = Chain.swift; sourceTree = "<group>"; };
		F697F4C22192B450006BC1FA /* ChainTest.swift */ = {isa = PBXFileReference; lastKnownFileType = sourcecode.swift; path = ChainTest.swift; sourceTree = "<group>"; };
		F697F4C42193608D006BC1FA /* StitchInspector.swift */ = {isa = PBXFileReference; lastKnownFileType = sourcecode.swift; path = StitchInspector.swift; sourceTree = "<group>"; };
		F697F4C7219360AC006BC1FA /* StitchInspectorTest.swift */ = {isa = PBXFileReference; lastKnownFileType = sourcecode.swift; path = StitchInspectorTest.swift; sourceTree = "<group>"; };
		F697F4C92195FA9E006BC1FA /* Intellect.swift */ = {isa = PBXFileReference; lastKnownFileType = sourcecode.swift; path = Intellect.swift; sourceTree = "<group>"; };
		F697F4CC2195FB0A006BC1FA /* IntellectTest.swift */ = {isa = PBXFileReference; lastKnownFileType = sourcecode.swift; path = IntellectTest.swift; sourceTree = "<group>"; };
		F6D0D74C21A16F890063FD52 /* Game.swift */ = {isa = PBXFileReference; lastKnownFileType = sourcecode.swift; path = Game.swift; sourceTree = "<group>"; };
		F6D0D74F21A16FAA0063FD52 /* GameTest.swift */ = {isa = PBXFileReference; lastKnownFileType = sourcecode.swift; path = GameTest.swift; sourceTree = "<group>"; };
		F6D0D75121A1BC0D0063FD52 /* IntellectProtocol.swift */ = {isa = PBXFileReference; lastKnownFileType = sourcecode.swift; path = IntellectProtocol.swift; sourceTree = "<group>"; };
		F6D0D75421A1BCD10063FD52 /* FakeIntellect.swift */ = {isa = PBXFileReference; lastKnownFileType = sourcecode.swift; path = FakeIntellect.swift; sourceTree = "<group>"; };
		F6D0D75621A1C7CC0063FD52 /* ChainProtocol.swift */ = {isa = PBXFileReference; lastKnownFileType = sourcecode.swift; path = ChainProtocol.swift; sourceTree = "<group>"; };
		F6D0D75921A1C8660063FD52 /* FakeChain.swift */ = {isa = PBXFileReference; lastKnownFileType = sourcecode.swift; path = FakeChain.swift; sourceTree = "<group>"; };
		F6D0D75B21A1F37C0063FD52 /* WorldProtocol.swift */ = {isa = PBXFileReference; lastKnownFileType = sourcecode.swift; path = WorldProtocol.swift; sourceTree = "<group>"; };
		F6D0D75E21A1F3BC0063FD52 /* FakeWorld.swift */ = {isa = PBXFileReference; lastKnownFileType = sourcecode.swift; path = FakeWorld.swift; sourceTree = "<group>"; };
		F6FFFAAE2190DB2300CE9CE7 /* World.swift */ = {isa = PBXFileReference; lastKnownFileType = sourcecode.swift; path = World.swift; sourceTree = "<group>"; };
/* End PBXFileReference section */

/* Begin PBXFrameworksBuildPhase section */
		F6233397218F8B7E00647BAA /* Frameworks */ = {
			isa = PBXFrameworksBuildPhase;
			buildActionMask = 2147483647;
			files = (
			);
			runOnlyForDeploymentPostprocessing = 0;
		};
		F62333A5218F8BA800647BAA /* Frameworks */ = {
			isa = PBXFrameworksBuildPhase;
			buildActionMask = 2147483647;
			files = (
			);
			runOnlyForDeploymentPostprocessing = 0;
		};
/* End PBXFrameworksBuildPhase section */

/* Begin PBXGroup section */
		F6233391218F8B7E00647BAA = {
			isa = PBXGroup;
			children = (
				F623339C218F8B7E00647BAA /* CityBoom */,
				F62333A9218F8BA800647BAA /* CityBoomTest */,
				F623339B218F8B7E00647BAA /* Products */,
			);
			sourceTree = "<group>";
		};
		F623339B218F8B7E00647BAA /* Products */ = {
			isa = PBXGroup;
			children = (
				F623339A218F8B7E00647BAA /* CityBoom */,
				F62333A8218F8BA800647BAA /* CityBoomTest.xctest */,
			);
			name = Products;
			sourceTree = "<group>";
		};
		F623339C218F8B7E00647BAA /* CityBoom */ = {
			isa = PBXGroup;
			children = (
				F623339D218F8B7E00647BAA /* main.swift */,
				F6FFFAAE2190DB2300CE9CE7 /* World.swift */,
				F697F4BB21920AB0006BC1FA /* City.swift */,
				F697F4BF2192B424006BC1FA /* Chain.swift */,
				F697F4C42193608D006BC1FA /* StitchInspector.swift */,
				F697F4C92195FA9E006BC1FA /* Intellect.swift */,
				F6321F5A219F4BC1008C6F28 /* WorldStorage.swift */,
				F6D0D74C21A16F890063FD52 /* Game.swift */,
				F6D0D75121A1BC0D0063FD52 /* IntellectProtocol.swift */,
				F6D0D75621A1C7CC0063FD52 /* ChainProtocol.swift */,
				F6D0D75B21A1F37C0063FD52 /* WorldProtocol.swift */,
			);
			path = CityBoom;
			sourceTree = "<group>";
		};
		F62333A9218F8BA800647BAA /* CityBoomTest */ = {
			isa = PBXGroup;
			children = (
				F62333AA218F8BA800647BAA /* WorldTest.swift */,
				F62333AC218F8BA800647BAA /* Info.plist */,
				F697F4C22192B450006BC1FA /* ChainTest.swift */,
				F697F4C7219360AC006BC1FA /* StitchInspectorTest.swift */,
				F697F4CC2195FB0A006BC1FA /* IntellectTest.swift */,
				F6321F5D219F4BE1008C6F28 /* WorldStorageTest.swift */,
				F6D0D74F21A16FAA0063FD52 /* GameTest.swift */,
				F6D0D75421A1BCD10063FD52 /* FakeIntellect.swift */,
				F6D0D75921A1C8660063FD52 /* FakeChain.swift */,
				F6D0D75E21A1F3BC0063FD52 /* FakeWorld.swift */,
			);
			path = CityBoomTest;
			sourceTree = "<group>";
		};
/* End PBXGroup section */

/* Begin PBXNativeTarget section */
		F6233399218F8B7E00647BAA /* CityBoom */ = {
			isa = PBXNativeTarget;
			buildConfigurationList = F62333A1218F8B7F00647BAA /* Build configuration list for PBXNativeTarget "CityBoom" */;
			buildPhases = (
				F6233396218F8B7E00647BAA /* Sources */,
				F6233397218F8B7E00647BAA /* Frameworks */,
				F6233398218F8B7E00647BAA /* CopyFiles */,
			);
			buildRules = (
			);
			dependencies = (
			);
			name = CityBoom;
			productName = CityBoom;
			productReference = F623339A218F8B7E00647BAA /* CityBoom */;
			productType = "com.apple.product-type.tool";
		};
		F62333A7218F8BA800647BAA /* CityBoomTest */ = {
			isa = PBXNativeTarget;
			buildConfigurationList = F62333AD218F8BA800647BAA /* Build configuration list for PBXNativeTarget "CityBoomTest" */;
			buildPhases = (
				F62333A4218F8BA800647BAA /* Sources */,
				F62333A5218F8BA800647BAA /* Frameworks */,
				F62333A6218F8BA800647BAA /* Resources */,
			);
			buildRules = (
			);
			dependencies = (
			);
			name = CityBoomTest;
			productName = CityBoomTest;
			productReference = F62333A8218F8BA800647BAA /* CityBoomTest.xctest */;
			productType = "com.apple.product-type.bundle.unit-test";
		};
/* End PBXNativeTarget section */

/* Begin PBXProject section */
		F6233392218F8B7E00647BAA /* Project object */ = {
			isa = PBXProject;
			attributes = {
				LastSwiftUpdateCheck = 1010;
				LastUpgradeCheck = 1010;
				ORGANIZATIONNAME = "Константин Колодий";
				TargetAttributes = {
					F6233399218F8B7E00647BAA = {
						CreatedOnToolsVersion = 10.1;
					};
					F62333A7218F8BA800647BAA = {
						CreatedOnToolsVersion = 10.1;
					};
				};
			};
			buildConfigurationList = F6233395218F8B7E00647BAA /* Build configuration list for PBXProject "CityBoom" */;
			compatibilityVersion = "Xcode 9.3";
			developmentRegion = en;
			hasScannedForEncodings = 0;
			knownRegions = (
				en,
			);
			mainGroup = F6233391218F8B7E00647BAA;
			productRefGroup = F623339B218F8B7E00647BAA /* Products */;
			projectDirPath = "";
			projectRoot = "";
			targets = (
				F6233399218F8B7E00647BAA /* CityBoom */,
				F62333A7218F8BA800647BAA /* CityBoomTest */,
			);
		};
/* End PBXProject section */

/* Begin PBXResourcesBuildPhase section */
		F62333A6218F8BA800647BAA /* Resources */ = {
			isa = PBXResourcesBuildPhase;
			buildActionMask = 2147483647;
			files = (
			);
			runOnlyForDeploymentPostprocessing = 0;
		};
/* End PBXResourcesBuildPhase section */

/* Begin PBXSourcesBuildPhase section */
		F6233396218F8B7E00647BAA /* Sources */ = {
			isa = PBXSourcesBuildPhase;
			buildActionMask = 2147483647;
			files = (
				F623339E218F8B7E00647BAA /* main.swift in Sources */,
				F6321F5B219F4BC1008C6F28 /* WorldStorage.swift in Sources */,
				F697F4C02192B424006BC1FA /* Chain.swift in Sources */,
				F697F4CA2195FA9E006BC1FA /* Intellect.swift in Sources */,
				F6FFFAAF2190DB2300CE9CE7 /* World.swift in Sources */,
				F6D0D75C21A1F37C0063FD52 /* WorldProtocol.swift in Sources */,
				F697F4C52193608D006BC1FA /* StitchInspector.swift in Sources */,
				F697F4BC21920AB0006BC1FA /* City.swift in Sources */,
				F6D0D75221A1BC0D0063FD52 /* IntellectProtocol.swift in Sources */,
				F6D0D74D21A16F890063FD52 /* Game.swift in Sources */,
				F6D0D75721A1C7CC0063FD52 /* ChainProtocol.swift in Sources */,
			);
			runOnlyForDeploymentPostprocessing = 0;
		};
		F62333A4218F8BA800647BAA /* Sources */ = {
			isa = PBXSourcesBuildPhase;
			buildActionMask = 2147483647;
			files = (
				F6D0D75521A1BCD10063FD52 /* FakeIntellect.swift in Sources */,
				F697F4C8219360AC006BC1FA /* StitchInspectorTest.swift in Sources */,
				F697F4B821920562006BC1FA /* World.swift in Sources */,
				F6D0D75821A1C7CC0063FD52 /* ChainProtocol.swift in Sources */,
				F6321F5C219F4BC1008C6F28 /* WorldStorage.swift in Sources */,
				F697F4CD2195FB0A006BC1FA /* IntellectTest.swift in Sources */,
				F697F4C12192B424006BC1FA /* Chain.swift in Sources */,
				F697F4C62193608D006BC1FA /* StitchInspector.swift in Sources */,
				F62333AB218F8BA800647BAA /* WorldTest.swift in Sources */,
				F6D0D74E21A16F890063FD52 /* Game.swift in Sources */,
				F6D0D75D21A1F37C0063FD52 /* WorldProtocol.swift in Sources */,
				F6D0D75F21A1F3BC0063FD52 /* FakeWorld.swift in Sources */,
				F6D0D75321A1BC0D0063FD52 /* IntellectProtocol.swift in Sources */,
				F697F4C32192B450006BC1FA /* ChainTest.swift in Sources */,
				F697F4CB2195FA9E006BC1FA /* Intellect.swift in Sources */,
				F6D0D75021A16FAA0063FD52 /* GameTest.swift in Sources */,
				F6D0D75A21A1C8660063FD52 /* FakeChain.swift in Sources */,
				F697F4BE219210D1006BC1FA /* City.swift in Sources */,
				F6321F5E219F4BE1008C6F28 /* WorldStorageTest.swift in Sources */,
			);
			runOnlyForDeploymentPostprocessing = 0;
		};
/* End PBXSourcesBuildPhase section */

/* Begin XCBuildConfiguration section */
		F623339F218F8B7F00647BAA /* Debug */ = {
			isa = XCBuildConfiguration;
			buildSettings = {
				ALWAYS_SEARCH_USER_PATHS = NO;
				CLANG_ANALYZER_NONNULL = YES;
				CLANG_ANALYZER_NUMBER_OBJECT_CONVERSION = YES_AGGRESSIVE;
				CLANG_CXX_LANGUAGE_STANDARD = "gnu++14";
				CLANG_CXX_LIBRARY = "libc++";
				CLANG_ENABLE_MODULES = YES;
				CLANG_ENABLE_OBJC_ARC = YES;
				CLANG_ENABLE_OBJC_WEAK = YES;
				CLANG_WARN_BLOCK_CAPTURE_AUTORELEASING = YES;
				CLANG_WARN_BOOL_CONVERSION = YES;
				CLANG_WARN_COMMA = YES;
				CLANG_WARN_CONSTANT_CONVERSION = YES;
				CLANG_WARN_DEPRECATED_OBJC_IMPLEMENTATIONS = YES;
				CLANG_WARN_DIRECT_OBJC_ISA_USAGE = YES_ERROR;
				CLANG_WARN_DOCUMENTATION_COMMENTS = YES;
				CLANG_WARN_EMPTY_BODY = YES;
				CLANG_WARN_ENUM_CONVERSION = YES;
				CLANG_WARN_INFINITE_RECURSION = YES;
				CLANG_WARN_INT_CONVERSION = YES;
				CLANG_WARN_NON_LITERAL_NULL_CONVERSION = YES;
				CLANG_WARN_OBJC_IMPLICIT_RETAIN_SELF = YES;
				CLANG_WARN_OBJC_LITERAL_CONVERSION = YES;
				CLANG_WARN_OBJC_ROOT_CLASS = YES_ERROR;
				CLANG_WARN_RANGE_LOOP_ANALYSIS = YES;
				CLANG_WARN_STRICT_PROTOTYPES = YES;
				CLANG_WARN_SUSPICIOUS_MOVE = YES;
				CLANG_WARN_UNGUARDED_AVAILABILITY = YES_AGGRESSIVE;
				CLANG_WARN_UNREACHABLE_CODE = YES;
				CLANG_WARN__DUPLICATE_METHOD_MATCH = YES;
				CODE_SIGN_IDENTITY = "Mac Developer";
				COPY_PHASE_STRIP = NO;
				DEBUG_INFORMATION_FORMAT = dwarf;
				ENABLE_STRICT_OBJC_MSGSEND = YES;
				ENABLE_TESTABILITY = YES;
				GCC_C_LANGUAGE_STANDARD = gnu11;
				GCC_DYNAMIC_NO_PIC = NO;
				GCC_NO_COMMON_BLOCKS = YES;
				GCC_OPTIMIZATION_LEVEL = 0;
				GCC_PREPROCESSOR_DEFINITIONS = (
					"DEBUG=1",
					"$(inherited)",
				);
				GCC_WARN_64_TO_32_BIT_CONVERSION = YES;
				GCC_WARN_ABOUT_RETURN_TYPE = YES_ERROR;
				GCC_WARN_UNDECLARED_SELECTOR = YES;
				GCC_WARN_UNINITIALIZED_AUTOS = YES_AGGRESSIVE;
				GCC_WARN_UNUSED_FUNCTION = YES;
				GCC_WARN_UNUSED_VARIABLE = YES;
				MACOSX_DEPLOYMENT_TARGET = 10.14;
				MTL_ENABLE_DEBUG_INFO = INCLUDE_SOURCE;
				MTL_FAST_MATH = YES;
				ONLY_ACTIVE_ARCH = YES;
				SDKROOT = macosx;
				SWIFT_ACTIVE_COMPILATION_CONDITIONS = DEBUG;
				SWIFT_OPTIMIZATION_LEVEL = "-Onone";
			};
			name = Debug;
		};
		F62333A0218F8B7F00647BAA /* Release */ = {
			isa = XCBuildConfiguration;
			buildSettings = {
				ALWAYS_SEARCH_USER_PATHS = NO;
				CLANG_ANALYZER_NONNULL = YES;
				CLANG_ANALYZER_NUMBER_OBJECT_CONVERSION = YES_AGGRESSIVE;
				CLANG_CXX_LANGUAGE_STANDARD = "gnu++14";
				CLANG_CXX_LIBRARY = "libc++";
				CLANG_ENABLE_MODULES = YES;
				CLANG_ENABLE_OBJC_ARC = YES;
				CLANG_ENABLE_OBJC_WEAK = YES;
				CLANG_WARN_BLOCK_CAPTURE_AUTORELEASING = YES;
				CLANG_WARN_BOOL_CONVERSION = YES;
				CLANG_WARN_COMMA = YES;
				CLANG_WARN_CONSTANT_CONVERSION = YES;
				CLANG_WARN_DEPRECATED_OBJC_IMPLEMENTATIONS = YES;
				CLANG_WARN_DIRECT_OBJC_ISA_USAGE = YES_ERROR;
				CLANG_WARN_DOCUMENTATION_COMMENTS = YES;
				CLANG_WARN_EMPTY_BODY = YES;
				CLANG_WARN_ENUM_CONVERSION = YES;
				CLANG_WARN_INFINITE_RECURSION = YES;
				CLANG_WARN_INT_CONVERSION = YES;
				CLANG_WARN_NON_LITERAL_NULL_CONVERSION = YES;
				CLANG_WARN_OBJC_IMPLICIT_RETAIN_SELF = YES;
				CLANG_WARN_OBJC_LITERAL_CONVERSION = YES;
				CLANG_WARN_OBJC_ROOT_CLASS = YES_ERROR;
				CLANG_WARN_RANGE_LOOP_ANALYSIS = YES;
				CLANG_WARN_STRICT_PROTOTYPES = YES;
				CLANG_WARN_SUSPICIOUS_MOVE = YES;
				CLANG_WARN_UNGUARDED_AVAILABILITY = YES_AGGRESSIVE;
				CLANG_WARN_UNREACHABLE_CODE = YES;
				CLANG_WARN__DUPLICATE_METHOD_MATCH = YES;
				CODE_SIGN_IDENTITY = "Mac Developer";
				COPY_PHASE_STRIP = NO;
				DEBUG_INFORMATION_FORMAT = "dwarf-with-dsym";
				ENABLE_NS_ASSERTIONS = NO;
				ENABLE_STRICT_OBJC_MSGSEND = YES;
				GCC_C_LANGUAGE_STANDARD = gnu11;
				GCC_NO_COMMON_BLOCKS = YES;
				GCC_WARN_64_TO_32_BIT_CONVERSION = YES;
				GCC_WARN_ABOUT_RETURN_TYPE = YES_ERROR;
				GCC_WARN_UNDECLARED_SELECTOR = YES;
				GCC_WARN_UNINITIALIZED_AUTOS = YES_AGGRESSIVE;
				GCC_WARN_UNUSED_FUNCTION = YES;
				GCC_WARN_UNUSED_VARIABLE = YES;
				MACOSX_DEPLOYMENT_TARGET = 10.14;
				MTL_ENABLE_DEBUG_INFO = NO;
				MTL_FAST_MATH = YES;
				SDKROOT = macosx;
				SWIFT_COMPILATION_MODE = wholemodule;
				SWIFT_OPTIMIZATION_LEVEL = "-O";
			};
			name = Release;
		};
		F62333A2218F8B7F00647BAA /* Debug */ = {
			isa = XCBuildConfiguration;
			buildSettings = {
				CODE_SIGN_STYLE = Automatic;
				DEVELOPMENT_TEAM = DR9KB93G46;
				INFOPLIST_FILE = "$(SRCROOT)/CityBoomTest/Info.plist";
				PRODUCT_NAME = "$(TARGET_NAME)";
				SWIFT_VERSION = 4.2;
			};
			name = Debug;
		};
		F62333A3218F8B7F00647BAA /* Release */ = {
			isa = XCBuildConfiguration;
			buildSettings = {
				CODE_SIGN_STYLE = Automatic;
				DEVELOPMENT_TEAM = DR9KB93G46;
				INFOPLIST_FILE = "$(SRCROOT)/CityBoomTest/Info.plist";
				PRODUCT_NAME = "$(TARGET_NAME)";
				SWIFT_VERSION = 4.2;
			};
			name = Release;
		};
		F62333AE218F8BA800647BAA /* Debug */ = {
			isa = XCBuildConfiguration;
			buildSettings = {
				CODE_SIGN_STYLE = Automatic;
				COMBINE_HIDPI_IMAGES = YES;
				DEVELOPMENT_TEAM = DR9KB93G46;
				INFOPLIST_FILE = CityBoomTest/Info.plist;
				LD_RUNPATH_SEARCH_PATHS = (
					"$(inherited)",
					"@executable_path/../Frameworks",
					"@loader_path/../Frameworks",
				);
				PRODUCT_BUNDLE_IDENTIFIER = Bone.Well.CityBoomTest;
				PRODUCT_NAME = "$(TARGET_NAME)";
				SWIFT_VERSION = 4.2;
			};
			name = Debug;
		};
		F62333AF218F8BA800647BAA /* Release */ = {
			isa = XCBuildConfiguration;
			buildSettings = {
				CODE_SIGN_STYLE = Automatic;
				COMBINE_HIDPI_IMAGES = YES;
				DEVELOPMENT_TEAM = DR9KB93G46;
				INFOPLIST_FILE = CityBoomTest/Info.plist;
				LD_RUNPATH_SEARCH_PATHS = (
					"$(inherited)",
					"@executable_path/../Frameworks",
					"@loader_path/../Frameworks",
				);
				PRODUCT_BUNDLE_IDENTIFIER = Bone.Well.CityBoomTest;
				PRODUCT_NAME = "$(TARGET_NAME)";
				SWIFT_VERSION = 4.2;
			};
			name = Release;
		};
/* End XCBuildConfiguration section */

/* Begin XCConfigurationList section */
		F6233395218F8B7E00647BAA /* Build configuration list for PBXProject "CityBoom" */ = {
			isa = XCConfigurationList;
			buildConfigurations = (
				F623339F218F8B7F00647BAA /* Debug */,
				F62333A0218F8B7F00647BAA /* Release */,
			);
			defaultConfigurationIsVisible = 0;
			defaultConfigurationName = Release;
		};
		F62333A1218F8B7F00647BAA /* Build configuration list for PBXNativeTarget "CityBoom" */ = {
			isa = XCConfigurationList;
			buildConfigurations = (
				F62333A2218F8B7F00647BAA /* Debug */,
				F62333A3218F8B7F00647BAA /* Release */,
			);
			defaultConfigurationIsVisible = 0;
			defaultConfigurationName = Release;
		};
		F62333AD218F8BA800647BAA /* Build configuration list for PBXNativeTarget "CityBoomTest" */ = {
			isa = XCConfigurationList;
			buildConfigurations = (
				F62333AE218F8BA800647BAA /* Debug */,
				F62333AF218F8BA800647BAA /* Release */,
			);
			defaultConfigurationIsVisible = 0;
			defaultConfigurationName = Release;
		};
/* End XCConfigurationList section */
	};
	rootObject = F6233392218F8B7E00647BAA /* Project object */;
}
